schema: '2.0'
stages:
  data_ingestion:
    cmd: python -m src.data_ingestion
    deps:
    - path: src/data_ingestion.py
      hash: md5
      md5: b48f59343a467409b8e00255d98d0dec
      size: 4883
    outs:
    - path: artifacts/raw/tweet_emotions_test.csv
      hash: md5
      md5: f0f35102c9dfa0321be0a955f5af3935
      size: 161383
    - path: artifacts/raw/tweet_emotions_train.csv
      hash: md5
      md5: 3c1c495bb5b1fc8287f3c8e27418d164
      size: 652755
  data_preprocessing:
    cmd: python -m src.data_preprocessing
    deps:
    - path: artifacts/raw/tweet_emotions_test.csv
      hash: md5
      md5: f0f35102c9dfa0321be0a955f5af3935
      size: 161383
    - path: artifacts/raw/tweet_emotions_train.csv
      hash: md5
      md5: 3c1c495bb5b1fc8287f3c8e27418d164
      size: 652755
    - path: src/data_preprocessing.py
      hash: md5
      md5: 5532836da0eff93191d1252ca529a628
      size: 2431
    outs:
    - path: artifacts/processed/tweet_emotions_test.csv
      hash: md5
      md5: ec11f809882739589ac3d95e40cfac48
      size: 149680
    - path: artifacts/processed/tweet_emotions_train.csv
      hash: md5
      md5: 7dcd99d6bb79dc6dcb865fec95421acd
      size: 603751
  feature_engineering:
    cmd: python -m src.feature_engineering
    deps:
    - path: artifacts/processed/tweet_emotions_test.csv
      hash: md5
      md5: ec11f809882739589ac3d95e40cfac48
      size: 149680
    - path: artifacts/processed/tweet_emotions_train.csv
      hash: md5
      md5: 7dcd99d6bb79dc6dcb865fec95421acd
      size: 603751
    - path: src/feature_engineering.py
      hash: md5
      md5: 564c0e3b89d2bd0e40b2cd325af3f764
      size: 3181
    outs:
    - path: artifacts/features/tweet_emotions_test_features.csv
      hash: md5
      md5: e308568cb86e58a8bdcb2c39f802f340
      size: 41863817
    - path: artifacts/features/tweet_emotions_train_features.csv
      hash: md5
      md5: b03b9a7ff334adb0423ca686e215ddc6
      size: 167402575
  model_building:
    cmd: python -m src.model_building
    deps:
    - path: artifacts/features/tweet_emotions_test_features.csv
      hash: md5
      md5: e308568cb86e58a8bdcb2c39f802f340
      size: 41863817
    - path: artifacts/features/tweet_emotions_train_features.csv
      hash: md5
      md5: b03b9a7ff334adb0423ca686e215ddc6
      size: 167402575
    - path: src/model_building.py
      hash: md5
      md5: 66439274f9ef6216d49c4299e105142b
      size: 5593
    params:
      params.yaml:
        logreg.C: 1.0
        logreg.max_iter: 200
    outs:
    - path: artifacts/metrics/logreg_eval_metrics.json
      hash: md5
      md5: db9bc1865c50cb29b5ffeb9087ea80f2
      size: 92
    - path: artifacts/metrics/logreg_train_metrics.json
      hash: md5
      md5: 5942708e7e67d3a218a4140b3e65f446
      size: 92
    - path: artifacts/models/logreg_model.pkl
      hash: md5
      md5: 7717dc83d9e12d4587f4e1e525644f85
      size: 85919
  model_evaluation:
    cmd: python -m src.model_evaluation
    deps:
    - path: artifacts/features/tweet_emotions_test_features.csv
      hash: md5
      md5: e308568cb86e58a8bdcb2c39f802f340
      size: 41863817
    - path: artifacts/features/tweet_emotions_train_features.csv
      hash: md5
      md5: b03b9a7ff334adb0423ca686e215ddc6
      size: 167402575
    - path: src/model_evaluation.py
      hash: md5
      md5: 26ed9fa82bc72be7620c5cc6f8bb9937
      size: 4685
    params:
      params.yaml:
        gb.learning_rate: 0.1
        gb.max_depth: 3
        gb.n_estimators: 100
    outs:
    - path: artifacts/metrics/gb_eval_metrics.json
      hash: md5
      md5: 5e83bcc2e83f36cdaa3af853472a22cd
      size: 122
    - path: artifacts/metrics/gb_train_metrics.json
      hash: md5
      md5: 974d510029bd511d635b4ecc119d0cea
      size: 122
    - path: artifacts/models/gb_model.pkl
      hash: md5
      md5: ba2edeceff82a8ab2c508004449a83ae
      size: 135340
